{
  "name": "apple-back-frontend-clone",
  "version": "1.0.0",
  "lockfileVersion": 3,
  "requires": true,
  "packages": {
    "": {
      "name": "apple-back-frontend-clone",
      "version": "1.0.0",
      "license": "ISC",
      "dependencies": {
        "apple-back-frontend-clone": "file:"
      }
    },
    "node_modules/apple-back-frontend-clone": {
      "resolved": "",
      "link": true
    }
  }
}
